{
  "name": "swearfilter",
  "version": "0.0.5",
  "lockfileVersion": 2,
  "requires": true,
  "packages": {
    "": {
      "name": "swearfilter",
      "version": "0.0.5",
      "license": "ISC",
      "dependencies": {
        "@cityssm/unleet": "^1.0.3"
      }
    },
    "node_modules/@cityssm/unleet": {
      "version": "1.0.3",
      "resolved": "https://registry.npmjs.org/@cityssm/unleet/-/unleet-1.0.3.tgz",
      "integrity": "sha512-GyD9RbTdw39AlMrDI4B3dNflUYWadRxvzyH5NtX4TJPQr8ah1Rf8PWfHICtX+9p/XfvcbxfVnoDTmzNhboChYw==",
      "dependencies": {
        "diacritic": "0.0.2"
      }
    },
    "node_modules/diacritic": {
      "version": "0.0.2",
      "resolved": "https://registry.npmjs.org/diacritic/-/diacritic-0.0.2.tgz",
      "integrity": "sha1-/CqIe1pbwKCoVPthTHwvIJBh7gQ="
    }
  },
  "dependencies": {
    "@cityssm/unleet": {
      "version": "1.0.3",
      "resolved": "https://registry.npmjs.org/@cityssm/unleet/-/unleet-1.0.3.tgz",
      "integrity": "sha512-GyD9RbTdw39AlMrDI4B3dNflUYWadRxvzyH5NtX4TJPQr8ah1Rf8PWfHICtX+9p/XfvcbxfVnoDTmzNhboChYw==",
      "requires": {
        "diacritic": "0.0.2"
      }
    },
    "diacritic": {
      "version": "0.0.2",
      "resolved": "https://registry.npmjs.org/diacritic/-/diacritic-0.0.2.tgz",
      "integrity": "sha1-/CqIe1pbwKCoVPthTHwvIJBh7gQ="
    }
  }
}
