{
  "name": "swearfilter",
  "version": "0.0.1",
  "lockfileVersion": 2,
  "requires": true,
  "packages": {
    "": {
      "name": "swearfilter",
      "version": "0.0.1",
      "license": "ISC",
      "dependencies": {
        "leet-decode": "^0.0.3"
      }
    },
    "node_modules/leet-decode": {
      "version": "0.0.3",
      "resolved": "https://registry.npmjs.org/leet-decode/-/leet-decode-0.0.3.tgz",
      "integrity": "sha512-OpXNbkwqbHui86XgAx01UIIhnfp5xKXG3A27UJQV8lACFBol8A8OgI0T+VRKKLktZuNEHfPaHcwCHpzXLZEGNQ==",
      "dependencies": {
        "leetscript": "^1.1.0",
        "lodash": "^4.17.21"
      },
      "engines": {
        "node": ">=6",
        "npm": ">=5"
      }
    },
    "node_modules/leetscript": {
      "version": "1.1.0",
      "resolved": "https://registry.npmjs.org/leetscript/-/leetscript-1.1.0.tgz",
      "integrity": "sha1-JcLEjc5JtnQtEgmmkpq3BxWlfO4="
    },
    "node_modules/lodash": {
      "version": "4.17.21",
      "resolved": "https://registry.npmjs.org/lodash/-/lodash-4.17.21.tgz",
      "integrity": "sha512-v2kDEe57lecTulaDIuNTPy3Ry4gLGJ6Z1O3vE1krgXZNrsQ+LFTGHVxVjcXPs17LhbZVGedAJv8XZ1tvj5FvSg=="
    }
  },
  "dependencies": {
    "leet-decode": {
      "version": "0.0.3",
      "resolved": "https://registry.npmjs.org/leet-decode/-/leet-decode-0.0.3.tgz",
      "integrity": "sha512-OpXNbkwqbHui86XgAx01UIIhnfp5xKXG3A27UJQV8lACFBol8A8OgI0T+VRKKLktZuNEHfPaHcwCHpzXLZEGNQ==",
      "requires": {
        "leetscript": "^1.1.0",
        "lodash": "^4.17.21"
      }
    },
    "leetscript": {
      "version": "1.1.0",
      "resolved": "https://registry.npmjs.org/leetscript/-/leetscript-1.1.0.tgz",
      "integrity": "sha1-JcLEjc5JtnQtEgmmkpq3BxWlfO4="
    },
    "lodash": {
      "version": "4.17.21",
      "resolved": "https://registry.npmjs.org/lodash/-/lodash-4.17.21.tgz",
      "integrity": "sha512-v2kDEe57lecTulaDIuNTPy3Ry4gLGJ6Z1O3vE1krgXZNrsQ+LFTGHVxVjcXPs17LhbZVGedAJv8XZ1tvj5FvSg=="
    }
  }
}
